{
  "version": 4,
  "terraform_version": "1.12.2",
  "serial": 780,
  "lineage": "04172eca-9251-b4d1-cf56-efb7da29ff6e",
  "outputs": {
    "ctfd_vms_info": {
      "value": {
        "ctfd-vm-1": {
          "flavor": "6 vCPUs, 6GB RAM, 50GB Disk",
          "floating_ip": "10.188.105.131",
          "name": "ctfd-vm-1",
          "private_ip": "10.0.1.11"
        },
        "ctfd-vm-2": {
          "flavor": "6 vCPUs, 6GB RAM, 50GB Disk",
          "floating_ip": "10.188.105.132",
          "name": "ctfd-vm-2",
          "private_ip": "10.0.1.12"
        }
      },
      "type": [
        "object",
        {
          "ctfd-vm-1": [
            "object",
            {
              "flavor": "string",
              "floating_ip": "string",
              "name": "string",
              "private_ip": "string"
            }
          ],
          "ctfd-vm-2": [
            "object",
            {
              "flavor": "string",
              "floating_ip": "string",
              "name": "string",
              "private_ip": "string"
            }
          ]
        }
      ]
    },
    "floating_ips_summary": {
      "value": {
        "ctfd_floating_ips": [
          "10.188.105.131",
          "10.188.105.132"
        ],
        "total_floating_ips_used": 5,
        "vpn_floating_ip": "10.188.105.100",
        "web_challenges_floating_ips": [
          "10.188.105.133",
          "10.188.105.134"
        ]
      },
      "type": [
        "object",
        {
          "ctfd_floating_ips": [
            "tuple",
            [
              "string",
              "string"
            ]
          ],
          "total_floating_ips_used": "number",
          "vpn_floating_ip": "string",
          "web_challenges_floating_ips": [
            "tuple",
            [
              "string",
              "string"
            ]
          ]
        }
      ]
    },
    "network_info": {
      "value": {
        "network_id": "c7953fc1-47eb-48c4-bd83-6ef032d81990",
        "network_name": "ctfd-network",
        "router_name": "ctfd-router",
        "subnet_cidr": "10.0.1.0/24"
      },
      "type": [
        "object",
        {
          "network_id": "string",
          "network_name": "string",
          "router_name": "string",
          "subnet_cidr": "string"
        }
      ]
    },
    "security_group_info": {
      "value": {
        "id": "034564b6-2edf-448a-8d97-184636f97b0c",
        "name": "ctfd-secgroup"
      },
      "type": [
        "object",
        {
          "id": "string",
          "name": "string"
        }
      ]
    },
    "ssh_access_command": {
      "value": {
        "ctfd_vms": [
          "ssh -i ~/.ssh/id_rsa root@10.188.105.131",
          "ssh -i ~/.ssh/id_rsa root@10.188.105.132"
        ],
        "vpn_vm": "ssh -i ~/.ssh/id_rsa root@10.188.105.100",
        "web_challenges_vms": [
          "ssh -i ~/.ssh/id_rsa root@10.188.105.133",
          "ssh -i ~/.ssh/id_rsa root@10.188.105.134"
        ]
      },
      "type": [
        "object",
        {
          "ctfd_vms": [
            "tuple",
            [
              "string",
              "string"
            ]
          ],
          "vpn_vm": "string",
          "web_challenges_vms": [
            "tuple",
            [
              "string",
              "string"
            ]
          ]
        }
      ]
    },
    "vpn_vm_info": {
      "value": {
        "flavor": "8 vCPUs, 8GB RAM, 30GB Disk",
        "floating_ip": "10.188.105.100",
        "name": "vpn-wireguard-vm",
        "private_ip": "10.0.1.15"
      },
      "type": [
        "object",
        {
          "flavor": "string",
          "floating_ip": "string",
          "name": "string",
          "private_ip": "string"
        }
      ]
    },
    "web_challenges_vms_info": {
      "value": {
        "web-challenges-vm-1": {
          "flavor": "10 vCPUs, 8GB RAM, 50GB Disk",
          "floating_ip": "10.188.105.133",
          "name": "web-challenges-vm-1",
          "private_ip": "10.0.1.13"
        },
        "web-challenges-vm-2": {
          "flavor": "10 vCPUs, 8GB RAM, 50GB Disk",
          "floating_ip": "10.188.105.134",
          "name": "web-challenges-vm-2",
          "private_ip": "10.0.1.14"
        }
      },
      "type": [
        "object",
        {
          "web-challenges-vm-1": [
            "object",
            {
              "flavor": "string",
              "floating_ip": "string",
              "name": "string",
              "private_ip": "string"
            }
          ],
          "web-challenges-vm-2": [
            "object",
            {
              "flavor": "string",
              "floating_ip": "string",
              "name": "string",
              "private_ip": "string"
            }
          ]
        }
      ]
    }
  },
  "resources": [
    {
      "mode": "data",
      "type": "openstack_images_image_v2",
      "name": "debian12",
      "provider": "provider[\"registry.terraform.io/terraform-provider-openstack/openstack\"]",
      "instances": [
        {
          "schema_version": 0,
          "attributes": {
            "checksum": "84ed1815189a09b6def308a97969138d",
            "container_format": "bare",
            "created_at": "2025-08-18T17:17:28Z",
            "disk_format": "qcow2",
            "file": "/v2/images/2ba5ef47-2d3d-4b9e-9f0c-fcb9b1dbf1b0/file",
            "hidden": false,
            "id": "2ba5ef47-2d3d-4b9e-9f0c-fcb9b1dbf1b0",
            "member_status": null,
            "metadata": {},
            "min_disk_gb": 0,
            "min_ram_mb": 0,
            "most_recent": true,
            "name": "Debian-12-Generic",
            "name_regex": null,
            "owner": "f4eb8936f3254f20aa7d5132e2597c7f",
            "properties": {
              "direct_url": "rbd://ec6791aa-1c16-11f0-be22-0025b5010a36/images2/2ba5ef47-2d3d-4b9e-9f0c-fcb9b1dbf1b0/snap",
              "os_hash_algo": "sha512",
              "os_hash_value": "b31645b4f889875bc20f68f10768ab131b482430d93a4bab0321790e37bb392b0b0cbfcec75e01e27cfd275fb2bc7ac3a66234447b4dddf5013c6e316939081f",
              "stores": "rbd"
            },
            "protected": false,
            "region": "RegionOne",
            "schema": "/v2/schemas/image",
            "size_bytes": 675807232,
            "size_max": null,
            "size_min": null,
            "sort_direction": "asc",
            "sort_key": "name",
            "tag": null,
            "tags": [],
            "updated_at": "2025-08-18T17:18:14Z",
            "visibility": "public"
          },
          "sensitive_attributes": [],
          "identity_schema_version": 0
        }
      ]
    },
    {
      "mode": "data",
      "type": "openstack_networking_network_v2",
      "name": "external",
      "provider": "provider[\"registry.terraform.io/terraform-provider-openstack/openstack\"]",
      "instances": [
        {
          "schema_version": 0,
          "attributes": {
            "admin_state_up": "true",
            "all_tags": [],
            "availability_zone_hints": [
              "nova"
            ],
            "description": "",
            "dns_domain": "",
            "external": true,
            "id": "5db4ee7a-bb08-411a-93b1-92ecc626bc53",
            "matching_subnet_cidr": null,
            "mtu": 1500,
            "name": "red_externa_01",
            "network_id": null,
            "region": "RegionOne",
            "segments": [
              {
                "network_type": "flat",
                "physical_network": "physnet2",
                "segmentation_id": 0
              }
            ],
            "shared": "false",
            "status": null,
            "subnets": [
              "b11c645a-834e-434b-bc91-763dde88975a"
            ],
            "tags": null,
            "tenant_id": "084dbd6205e94fa1aedf1e75a51d738e",
            "transparent_vlan": false
          },
          "sensitive_attributes": [],
          "identity_schema_version": 0
        }
      ]
    },
    {
      "mode": "managed",
      "type": "openstack_compute_flavor_v2",
      "name": "ctfd_flavor",
      "provider": "provider[\"registry.terraform.io/terraform-provider-openstack/openstack\"]",
      "instances": [
        {
          "schema_version": 0,
          "attributes": {
            "description": "",
            "disk": 50,
            "ephemeral": 0,
            "extra_specs": {},
            "flavor_id": "4fb0ee7f-8e0c-42f3-a403-e7285918f82b",
            "id": "4fb0ee7f-8e0c-42f3-a403-e7285918f82b",
            "is_public": true,
            "name": "ctfd-flavor",
            "ram": 6144,
            "region": "RegionOne",
            "rx_tx_factor": 1,
            "swap": 0,
            "vcpus": 6
          },
          "sensitive_attributes": [],
          "identity_schema_version": 0,
          "private": "bnVsbA=="
        }
      ]
    },
    {
      "mode": "managed",
      "type": "openstack_compute_flavor_v2",
      "name": "vpn_flavor",
      "provider": "provider[\"registry.terraform.io/terraform-provider-openstack/openstack\"]",
      "instances": [
        {
          "schema_version": 0,
          "attributes": {
            "description": "",
            "disk": 30,
            "ephemeral": 0,
            "extra_specs": {},
            "flavor_id": "4804b962-db98-4ea8-920e-5af656d58a61",
            "id": "4804b962-db98-4ea8-920e-5af656d58a61",
            "is_public": true,
            "name": "vpn-flavor",
            "ram": 8192,
            "region": "RegionOne",
            "rx_tx_factor": 1,
            "swap": 0,
            "vcpus": 8
          },
          "sensitive_attributes": [],
          "identity_schema_version": 0,
          "private": "bnVsbA=="
        }
      ]
    },
    {
      "mode": "managed",
      "type": "openstack_compute_flavor_v2",
      "name": "web_challenges_flavor",
      "provider": "provider[\"registry.terraform.io/terraform-provider-openstack/openstack\"]",
      "instances": [
        {
          "schema_version": 0,
          "attributes": {
            "description": "",
            "disk": 50,
            "ephemeral": 0,
            "extra_specs": {},
            "flavor_id": "feb92f6a-961e-4759-b590-fe5030521804",
            "id": "feb92f6a-961e-4759-b590-fe5030521804",
            "is_public": true,
            "name": "web-challenges-flavor",
            "ram": 8192,
            "region": "RegionOne",
            "rx_tx_factor": 1,
            "swap": 0,
            "vcpus": 10
          },
          "sensitive_attributes": [],
          "identity_schema_version": 0,
          "private": "bnVsbA=="
        }
      ]
    },
    {
      "mode": "managed",
      "type": "openstack_compute_floatingip_associate_v2",
      "name": "ctfd_fip_associate",
      "provider": "provider[\"registry.terraform.io/terraform-provider-openstack/openstack\"]",
      "instances": [
        {
          "index_key": 0,
          "schema_version": 0,
          "attributes": {
            "fixed_ip": "",
            "floating_ip": "10.188.105.131",
            "id": "10.188.105.131/bd8454cb-2d2d-4ea2-8091-695722ecf450/",
            "instance_id": "bd8454cb-2d2d-4ea2-8091-695722ecf450",
            "region": "RegionOne",
            "timeouts": null,
            "wait_until_associated": null
          },
          "sensitive_attributes": [],
          "identity_schema_version": 0,
          "private": "eyJlMmJmYjczMC1lY2FhLTExZTYtOGY4OC0zNDM2M2JjN2M0YzAiOnsiY3JlYXRlIjo2MDAwMDAwMDAwMDB9fQ==",
          "dependencies": [
            "data.openstack_images_image_v2.debian12",
            "data.openstack_networking_network_v2.external",
            "openstack_compute_flavor_v2.ctfd_flavor",
            "openstack_compute_instance_v2.ctfd_vm",
            "openstack_networking_floatingip_v2.ctfd_floating_ip",
            "openstack_networking_network_v2.ctfd_network",
            "openstack_networking_router_interface_v2.ctfd_router_interface",
            "openstack_networking_router_v2.ctfd_router",
            "openstack_networking_secgroup_v2.ctfd_secgroup",
            "openstack_networking_subnet_v2.ctfd_subnet"
          ]
        },
        {
          "index_key": 1,
          "schema_version": 0,
          "attributes": {
            "fixed_ip": "",
            "floating_ip": "10.188.105.132",
            "id": "10.188.105.132/a5d40cec-042c-4e16-8160-499d25fb5367/",
            "instance_id": "a5d40cec-042c-4e16-8160-499d25fb5367",
            "region": "RegionOne",
            "timeouts": null,
            "wait_until_associated": null
          },
          "sensitive_attributes": [],
          "identity_schema_version": 0,
          "private": "eyJlMmJmYjczMC1lY2FhLTExZTYtOGY4OC0zNDM2M2JjN2M0YzAiOnsiY3JlYXRlIjo2MDAwMDAwMDAwMDB9fQ==",
          "dependencies": [
            "data.openstack_images_image_v2.debian12",
            "data.openstack_networking_network_v2.external",
            "openstack_compute_flavor_v2.ctfd_flavor",
            "openstack_compute_instance_v2.ctfd_vm",
            "openstack_networking_floatingip_v2.ctfd_floating_ip",
            "openstack_networking_network_v2.ctfd_network",
            "openstack_networking_router_interface_v2.ctfd_router_interface",
            "openstack_networking_router_v2.ctfd_router",
            "openstack_networking_secgroup_v2.ctfd_secgroup",
            "openstack_networking_subnet_v2.ctfd_subnet"
          ]
        }
      ]
    },
    {
      "mode": "managed",
      "type": "openstack_compute_floatingip_associate_v2",
      "name": "vpn_fip_associate",
      "provider": "provider[\"registry.terraform.io/terraform-provider-openstack/openstack\"]",
      "instances": [
        {
          "index_key": 0,
          "schema_version": 0,
          "attributes": {
            "fixed_ip": "",
            "floating_ip": "10.188.105.100",
            "id": "10.188.105.100/dc53e259-ded7-4d1f-9d19-0b2bf9b26b5a/",
            "instance_id": "dc53e259-ded7-4d1f-9d19-0b2bf9b26b5a",
            "region": "RegionOne",
            "timeouts": null,
            "wait_until_associated": null
          },
          "sensitive_attributes": [],
          "identity_schema_version": 0,
          "private": "eyJlMmJmYjczMC1lY2FhLTExZTYtOGY4OC0zNDM2M2JjN2M0YzAiOnsiY3JlYXRlIjo2MDAwMDAwMDAwMDB9fQ==",
          "dependencies": [
            "data.openstack_images_image_v2.debian12",
            "data.openstack_networking_network_v2.external",
            "openstack_compute_flavor_v2.vpn_flavor",
            "openstack_compute_instance_v2.vpn_vm",
            "openstack_networking_floatingip_v2.vpn_floating_ip",
            "openstack_networking_network_v2.ctfd_network",
            "openstack_networking_router_interface_v2.ctfd_router_interface",
            "openstack_networking_router_v2.ctfd_router",
            "openstack_networking_secgroup_v2.ctfd_secgroup",
            "openstack_networking_subnet_v2.ctfd_subnet"
          ]
        }
      ]
    },
    {
      "mode": "managed",
      "type": "openstack_compute_floatingip_associate_v2",
      "name": "web_challenges_fip_associate",
      "provider": "provider[\"registry.terraform.io/terraform-provider-openstack/openstack\"]",
      "instances": [
        {
          "index_key": 0,
          "schema_version": 0,
          "attributes": {
            "fixed_ip": "",
            "floating_ip": "10.188.105.133",
            "id": "10.188.105.133/ac5c4837-cab9-4771-8a10-a34bf4eef1ea/",
            "instance_id": "ac5c4837-cab9-4771-8a10-a34bf4eef1ea",
            "region": "RegionOne",
            "timeouts": null,
            "wait_until_associated": null
          },
          "sensitive_attributes": [],
          "identity_schema_version": 0,
          "private": "eyJlMmJmYjczMC1lY2FhLTExZTYtOGY4OC0zNDM2M2JjN2M0YzAiOnsiY3JlYXRlIjo2MDAwMDAwMDAwMDB9fQ==",
          "dependencies": [
            "data.openstack_images_image_v2.debian12",
            "data.openstack_networking_network_v2.external",
            "openstack_compute_flavor_v2.web_challenges_flavor",
            "openstack_compute_instance_v2.web_challenges_vm",
            "openstack_networking_floatingip_v2.web_challenges_floating_ip",
            "openstack_networking_network_v2.ctfd_network",
            "openstack_networking_router_interface_v2.ctfd_router_interface",
            "openstack_networking_router_v2.ctfd_router",
            "openstack_networking_secgroup_v2.ctfd_secgroup",
            "openstack_networking_subnet_v2.ctfd_subnet"
          ]
        },
        {
          "index_key": 1,
          "schema_version": 0,
          "attributes": {
            "fixed_ip": "",
            "floating_ip": "10.188.105.134",
            "id": "10.188.105.134/f65e0adf-f7c8-415c-ba12-0b33b587b83d/",
            "instance_id": "f65e0adf-f7c8-415c-ba12-0b33b587b83d",
            "region": "RegionOne",
            "timeouts": null,
            "wait_until_associated": null
          },
          "sensitive_attributes": [],
          "identity_schema_version": 0,
          "private": "eyJlMmJmYjczMC1lY2FhLTExZTYtOGY4OC0zNDM2M2JjN2M0YzAiOnsiY3JlYXRlIjo2MDAwMDAwMDAwMDB9fQ==",
          "dependencies": [
            "data.openstack_images_image_v2.debian12",
            "data.openstack_networking_network_v2.external",
            "openstack_compute_flavor_v2.web_challenges_flavor",
            "openstack_compute_instance_v2.web_challenges_vm",
            "openstack_networking_floatingip_v2.web_challenges_floating_ip",
            "openstack_networking_network_v2.ctfd_network",
            "openstack_networking_router_interface_v2.ctfd_router_interface",
            "openstack_networking_router_v2.ctfd_router",
            "openstack_networking_secgroup_v2.ctfd_secgroup",
            "openstack_networking_subnet_v2.ctfd_subnet"
          ]
        }
      ]
    },
    {
      "mode": "managed",
      "type": "openstack_compute_instance_v2",
      "name": "ctfd_vm",
      "provider": "provider[\"registry.terraform.io/terraform-provider-openstack/openstack\"]",
      "instances": [
        {
          "index_key": 0,
          "schema_version": 0,
          "attributes": {
            "access_ip_v4": "10.0.1.11",
            "access_ip_v6": "",
            "admin_pass": null,
            "all_metadata": {},
            "all_tags": [],
            "availability_zone": "nova",
            "availability_zone_hints": null,
            "block_device": [],
            "config_drive": null,
            "created": "2025-08-20 13:26:44 +0000 UTC",
            "flavor_id": "4fb0ee7f-8e0c-42f3-a403-e7285918f82b",
            "flavor_name": "ctfd-flavor",
            "floating_ip": null,
            "force_delete": false,
            "id": "bd8454cb-2d2d-4ea2-8091-695722ecf450",
            "image_id": "2ba5ef47-2d3d-4b9e-9f0c-fcb9b1dbf1b0",
            "image_name": "Debian-12-Generic",
            "key_pair": "",
            "metadata": null,
            "name": "ctfd-vm-1",
            "network": [
              {
                "access_network": false,
                "fixed_ip_v4": "10.0.1.11",
                "fixed_ip_v6": "",
                "floating_ip": "",
                "mac": "fa:16:3e:ea:9b:08",
                "name": "ctfd-network",
                "port": "",
                "uuid": "c7953fc1-47eb-48c4-bd83-6ef032d81990"
              }
            ],
            "network_mode": null,
            "personality": [],
            "power_state": "active",
            "region": "RegionOne",
            "scheduler_hints": [],
            "security_groups": [
              "ctfd-secgroup"
            ],
            "stop_before_destroy": false,
            "tags": null,
            "timeouts": null,
            "updated": "2025-08-20 13:27:05 +0000 UTC",
            "user_data": "fcb6994443446fac0b2abd84ccd2fea2c41f0cf4",
            "vendor_options": [],
            "volume": []
          },
          "sensitive_attributes": [
            [
              {
                "type": "get_attr",
                "value": "admin_pass"
              }
            ]
          ],
          "identity_schema_version": 0,
          "private": "eyJlMmJmYjczMC1lY2FhLTExZTYtOGY4OC0zNDM2M2JjN2M0YzAiOnsiY3JlYXRlIjoxODAwMDAwMDAwMDAwLCJkZWxldGUiOjE4MDAwMDAwMDAwMDAsInVwZGF0ZSI6MTgwMDAwMDAwMDAwMH19",
          "dependencies": [
            "data.openstack_images_image_v2.debian12",
            "data.openstack_networking_network_v2.external",
            "openstack_compute_flavor_v2.ctfd_flavor",
            "openstack_networking_network_v2.ctfd_network",
            "openstack_networking_router_interface_v2.ctfd_router_interface",
            "openstack_networking_router_v2.ctfd_router",
            "openstack_networking_secgroup_v2.ctfd_secgroup",
            "openstack_networking_subnet_v2.ctfd_subnet"
          ]
        },
        {
          "index_key": 1,
          "schema_version": 0,
          "attributes": {
            "access_ip_v4": "10.0.1.12",
            "access_ip_v6": "",
            "admin_pass": null,
            "all_metadata": {},
            "all_tags": [],
            "availability_zone": "nova",
            "availability_zone_hints": null,
            "block_device": [],
            "config_drive": null,
            "created": "2025-08-20 13:26:50 +0000 UTC",
            "flavor_id": "4fb0ee7f-8e0c-42f3-a403-e7285918f82b",
            "flavor_name": "ctfd-flavor",
            "floating_ip": null,
            "force_delete": false,
            "id": "a5d40cec-042c-4e16-8160-499d25fb5367",
            "image_id": "2ba5ef47-2d3d-4b9e-9f0c-fcb9b1dbf1b0",
            "image_name": "Debian-12-Generic",
            "key_pair": "",
            "metadata": null,
            "name": "ctfd-vm-2",
            "network": [
              {
                "access_network": false,
                "fixed_ip_v4": "10.0.1.12",
                "fixed_ip_v6": "",
                "floating_ip": "",
                "mac": "fa:16:3e:30:f3:9e",
                "name": "ctfd-network",
                "port": "",
                "uuid": "c7953fc1-47eb-48c4-bd83-6ef032d81990"
              }
            ],
            "network_mode": null,
            "personality": [],
            "power_state": "active",
            "region": "RegionOne",
            "scheduler_hints": [],
            "security_groups": [
              "ctfd-secgroup"
            ],
            "stop_before_destroy": false,
            "tags": null,
            "timeouts": null,
            "updated": "2025-08-20 13:27:10 +0000 UTC",
            "user_data": "fcb6994443446fac0b2abd84ccd2fea2c41f0cf4",
            "vendor_options": [],
            "volume": []
          },
          "sensitive_attributes": [
            [
              {
                "type": "get_attr",
                "value": "admin_pass"
              }
            ]
          ],
          "identity_schema_version": 0,
          "private": "eyJlMmJmYjczMC1lY2FhLTExZTYtOGY4OC0zNDM2M2JjN2M0YzAiOnsiY3JlYXRlIjoxODAwMDAwMDAwMDAwLCJkZWxldGUiOjE4MDAwMDAwMDAwMDAsInVwZGF0ZSI6MTgwMDAwMDAwMDAwMH19",
          "dependencies": [
            "data.openstack_images_image_v2.debian12",
            "data.openstack_networking_network_v2.external",
            "openstack_compute_flavor_v2.ctfd_flavor",
            "openstack_networking_network_v2.ctfd_network",
            "openstack_networking_router_interface_v2.ctfd_router_interface",
            "openstack_networking_router_v2.ctfd_router",
            "openstack_networking_secgroup_v2.ctfd_secgroup",
            "openstack_networking_subnet_v2.ctfd_subnet"
          ]
        }
      ]
    },
    {
      "mode": "managed",
      "type": "openstack_compute_instance_v2",
      "name": "vpn_vm",
      "provider": "provider[\"registry.terraform.io/terraform-provider-openstack/openstack\"]",
      "instances": [
        {
          "schema_version": 0,
          "attributes": {
            "access_ip_v4": "10.0.1.15",
            "access_ip_v6": "",
            "admin_pass": null,
            "all_metadata": {},
            "all_tags": [],
            "availability_zone": "nova",
            "availability_zone_hints": null,
            "block_device": [],
            "config_drive": null,
            "created": "2025-08-20 13:26:40 +0000 UTC",
            "flavor_id": "4804b962-db98-4ea8-920e-5af656d58a61",
            "flavor_name": "vpn-flavor",
            "floating_ip": null,
            "force_delete": false,
            "id": "dc53e259-ded7-4d1f-9d19-0b2bf9b26b5a",
            "image_id": "2ba5ef47-2d3d-4b9e-9f0c-fcb9b1dbf1b0",
            "image_name": "Debian-12-Generic",
            "key_pair": "",
            "metadata": null,
            "name": "vpn-wireguard-vm",
            "network": [
              {
                "access_network": false,
                "fixed_ip_v4": "10.0.1.15",
                "fixed_ip_v6": "",
                "floating_ip": "",
                "mac": "fa:16:3e:84:d0:de",
                "name": "ctfd-network",
                "port": "",
                "uuid": "c7953fc1-47eb-48c4-bd83-6ef032d81990"
              }
            ],
            "network_mode": null,
            "personality": [],
            "power_state": "active",
            "region": "RegionOne",
            "scheduler_hints": [],
            "security_groups": [
              "ctfd-secgroup"
            ],
            "stop_before_destroy": false,
            "tags": null,
            "timeouts": null,
            "updated": "2025-08-20 13:27:01 +0000 UTC",
            "user_data": "fcb6994443446fac0b2abd84ccd2fea2c41f0cf4",
            "vendor_options": [],
            "volume": []
          },
          "sensitive_attributes": [
            [
              {
                "type": "get_attr",
                "value": "admin_pass"
              }
            ]
          ],
          "identity_schema_version": 0,
          "private": "eyJlMmJmYjczMC1lY2FhLTExZTYtOGY4OC0zNDM2M2JjN2M0YzAiOnsiY3JlYXRlIjoxODAwMDAwMDAwMDAwLCJkZWxldGUiOjE4MDAwMDAwMDAwMDAsInVwZGF0ZSI6MTgwMDAwMDAwMDAwMH19",
          "dependencies": [
            "data.openstack_images_image_v2.debian12",
            "data.openstack_networking_network_v2.external",
            "openstack_compute_flavor_v2.vpn_flavor",
            "openstack_networking_network_v2.ctfd_network",
            "openstack_networking_router_interface_v2.ctfd_router_interface",
            "openstack_networking_router_v2.ctfd_router",
            "openstack_networking_secgroup_v2.ctfd_secgroup",
            "openstack_networking_subnet_v2.ctfd_subnet"
          ]
        }
      ]
    },
    {
      "mode": "managed",
      "type": "openstack_compute_instance_v2",
      "name": "web_challenges_vm",
      "provider": "provider[\"registry.terraform.io/terraform-provider-openstack/openstack\"]",
      "instances": [
        {
          "index_key": 0,
          "schema_version": 0,
          "attributes": {
            "access_ip_v4": "10.0.1.13",
            "access_ip_v6": "",
            "admin_pass": null,
            "all_metadata": {},
            "all_tags": [],
            "availability_zone": "nova",
            "availability_zone_hints": null,
            "block_device": [],
            "config_drive": null,
            "created": "2025-08-20 13:27:00 +0000 UTC",
            "flavor_id": "feb92f6a-961e-4759-b590-fe5030521804",
            "flavor_name": "web-challenges-flavor",
            "floating_ip": null,
            "force_delete": false,
            "id": "ac5c4837-cab9-4771-8a10-a34bf4eef1ea",
            "image_id": "2ba5ef47-2d3d-4b9e-9f0c-fcb9b1dbf1b0",
            "image_name": "Debian-12-Generic",
            "key_pair": "",
            "metadata": null,
            "name": "web-challenges-vm-1",
            "network": [
              {
                "access_network": false,
                "fixed_ip_v4": "10.0.1.13",
                "fixed_ip_v6": "",
                "floating_ip": "",
                "mac": "fa:16:3e:4e:23:cd",
                "name": "ctfd-network",
                "port": "",
                "uuid": "c7953fc1-47eb-48c4-bd83-6ef032d81990"
              }
            ],
            "network_mode": null,
            "personality": [],
            "power_state": "active",
            "region": "RegionOne",
            "scheduler_hints": [],
            "security_groups": [
              "ctfd-secgroup"
            ],
            "stop_before_destroy": false,
            "tags": null,
            "timeouts": null,
            "updated": "2025-08-20 13:27:20 +0000 UTC",
            "user_data": "fcb6994443446fac0b2abd84ccd2fea2c41f0cf4",
            "vendor_options": [],
            "volume": []
          },
          "sensitive_attributes": [
            [
              {
                "type": "get_attr",
                "value": "admin_pass"
              }
            ]
          ],
          "identity_schema_version": 0,
          "private": "eyJlMmJmYjczMC1lY2FhLTExZTYtOGY4OC0zNDM2M2JjN2M0YzAiOnsiY3JlYXRlIjoxODAwMDAwMDAwMDAwLCJkZWxldGUiOjE4MDAwMDAwMDAwMDAsInVwZGF0ZSI6MTgwMDAwMDAwMDAwMH19",
          "dependencies": [
            "data.openstack_images_image_v2.debian12",
            "data.openstack_networking_network_v2.external",
            "openstack_compute_flavor_v2.web_challenges_flavor",
            "openstack_networking_network_v2.ctfd_network",
            "openstack_networking_router_interface_v2.ctfd_router_interface",
            "openstack_networking_router_v2.ctfd_router",
            "openstack_networking_secgroup_v2.ctfd_secgroup",
            "openstack_networking_subnet_v2.ctfd_subnet"
          ]
        },
        {
          "index_key": 1,
          "schema_version": 0,
          "attributes": {
            "access_ip_v4": "10.0.1.14",
            "access_ip_v6": "",
            "admin_pass": null,
            "all_metadata": {},
            "all_tags": [],
            "availability_zone": "nova",
            "availability_zone_hints": null,
            "block_device": [],
            "config_drive": null,
            "created": "2025-08-20 13:26:55 +0000 UTC",
            "flavor_id": "feb92f6a-961e-4759-b590-fe5030521804",
            "flavor_name": "web-challenges-flavor",
            "floating_ip": null,
            "force_delete": false,
            "id": "f65e0adf-f7c8-415c-ba12-0b33b587b83d",
            "image_id": "2ba5ef47-2d3d-4b9e-9f0c-fcb9b1dbf1b0",
            "image_name": "Debian-12-Generic",
            "key_pair": "",
            "metadata": null,
            "name": "web-challenges-vm-2",
            "network": [
              {
                "access_network": false,
                "fixed_ip_v4": "10.0.1.14",
                "fixed_ip_v6": "",
                "floating_ip": "",
                "mac": "fa:16:3e:8d:6e:17",
                "name": "ctfd-network",
                "port": "",
                "uuid": "c7953fc1-47eb-48c4-bd83-6ef032d81990"
              }
            ],
            "network_mode": null,
            "personality": [],
            "power_state": "active",
            "region": "RegionOne",
            "scheduler_hints": [],
            "security_groups": [
              "ctfd-secgroup"
            ],
            "stop_before_destroy": false,
            "tags": null,
            "timeouts": null,
            "updated": "2025-08-20 13:27:15 +0000 UTC",
            "user_data": "fcb6994443446fac0b2abd84ccd2fea2c41f0cf4",
            "vendor_options": [],
            "volume": []
          },
          "sensitive_attributes": [
            [
              {
                "type": "get_attr",
                "value": "admin_pass"
              }
            ]
          ],
          "identity_schema_version": 0,
          "private": "eyJlMmJmYjczMC1lY2FhLTExZTYtOGY4OC0zNDM2M2JjN2M0YzAiOnsiY3JlYXRlIjoxODAwMDAwMDAwMDAwLCJkZWxldGUiOjE4MDAwMDAwMDAwMDAsInVwZGF0ZSI6MTgwMDAwMDAwMDAwMH19",
          "dependencies": [
            "data.openstack_images_image_v2.debian12",
            "data.openstack_networking_network_v2.external",
            "openstack_compute_flavor_v2.web_challenges_flavor",
            "openstack_networking_network_v2.ctfd_network",
            "openstack_networking_router_interface_v2.ctfd_router_interface",
            "openstack_networking_router_v2.ctfd_router",
            "openstack_networking_secgroup_v2.ctfd_secgroup",
            "openstack_networking_subnet_v2.ctfd_subnet"
          ]
        }
      ]
    },
    {
      "mode": "managed",
      "type": "openstack_networking_floatingip_v2",
      "name": "ctfd_floating_ip",
      "provider": "provider[\"registry.terraform.io/terraform-provider-openstack/openstack\"]",
      "instances": [
        {
          "index_key": 0,
          "schema_version": 0,
          "attributes": {
            "address": "10.188.105.131",
            "all_tags": [],
            "description": "",
            "dns_domain": "",
            "dns_name": "",
            "fixed_ip": "10.0.1.11",
            "id": "b0d2e6fa-c71f-4d2d-a41d-cbdbcd74f2ab",
            "pool": "red_externa_01",
            "port_id": "be2b55eb-1036-45a7-a469-543070ec876f",
            "region": "RegionOne",
            "subnet_id": null,
            "subnet_ids": null,
            "tags": [],
            "tenant_id": "8034bbcc66564591a00253c74477c7dc",
            "timeouts": null,
            "value_specs": null
          },
          "sensitive_attributes": [],
          "identity_schema_version": 0,
          "private": "eyJlMmJmYjczMC1lY2FhLTExZTYtOGY4OC0zNDM2M2JjN2M0YzAiOnsiY3JlYXRlIjo2MDAwMDAwMDAwMDAsImRlbGV0ZSI6NjAwMDAwMDAwMDAwfX0="
        },
        {
          "index_key": 1,
          "schema_version": 0,
          "attributes": {
            "address": "10.188.105.132",
            "all_tags": [],
            "description": "",
            "dns_domain": "",
            "dns_name": "",
            "fixed_ip": "10.0.1.12",
            "id": "bd03eeab-8ef9-4b89-8855-8ef022b02f12",
            "pool": "red_externa_01",
            "port_id": "e13edfb7-d19a-43a3-9ffc-e4ce7a247034",
            "region": "RegionOne",
            "subnet_id": null,
            "subnet_ids": null,
            "tags": [],
            "tenant_id": "8034bbcc66564591a00253c74477c7dc",
            "timeouts": null,
            "value_specs": null
          },
          "sensitive_attributes": [],
          "identity_schema_version": 0,
          "private": "eyJlMmJmYjczMC1lY2FhLTExZTYtOGY4OC0zNDM2M2JjN2M0YzAiOnsiY3JlYXRlIjo2MDAwMDAwMDAwMDAsImRlbGV0ZSI6NjAwMDAwMDAwMDAwfX0="
        }
      ]
    },
    {
      "mode": "managed",
      "type": "openstack_networking_floatingip_v2",
      "name": "vpn_floating_ip",
      "provider": "provider[\"registry.terraform.io/terraform-provider-openstack/openstack\"]",
      "instances": [
        {
          "index_key": 0,
          "schema_version": 0,
          "attributes": {
            "address": "10.188.105.100",
            "all_tags": [],
            "description": "",
            "dns_domain": "",
            "dns_name": "",
            "fixed_ip": "10.0.1.15",
            "id": "5b561e9b-3490-467d-9d35-247b08b86611",
            "pool": "red_externa_01",
            "port_id": "fd2af2a0-8809-453f-92ef-c24d9ec22fbc",
            "region": "RegionOne",
            "subnet_id": null,
            "subnet_ids": null,
            "tags": [],
            "tenant_id": "8034bbcc66564591a00253c74477c7dc",
            "timeouts": null,
            "value_specs": null
          },
          "sensitive_attributes": [],
          "identity_schema_version": 0,
          "private": "eyJlMmJmYjczMC1lY2FhLTExZTYtOGY4OC0zNDM2M2JjN2M0YzAiOnsiY3JlYXRlIjo2MDAwMDAwMDAwMDAsImRlbGV0ZSI6NjAwMDAwMDAwMDAwfX0="
        }
      ]
    },
    {
      "mode": "managed",
      "type": "openstack_networking_floatingip_v2",
      "name": "web_challenges_floating_ip",
      "provider": "provider[\"registry.terraform.io/terraform-provider-openstack/openstack\"]",
      "instances": [
        {
          "index_key": 0,
          "schema_version": 0,
          "attributes": {
            "address": "10.188.105.133",
            "all_tags": [],
            "description": "",
            "dns_domain": "",
            "dns_name": "",
            "fixed_ip": "10.0.1.13",
            "id": "f2e746e9-1d4a-4ac7-8ec7-275328295a26",
            "pool": "red_externa_01",
            "port_id": "5229f238-d861-4993-96f7-607d04024eba",
            "region": "RegionOne",
            "subnet_id": null,
            "subnet_ids": null,
            "tags": [],
            "tenant_id": "8034bbcc66564591a00253c74477c7dc",
            "timeouts": null,
            "value_specs": null
          },
          "sensitive_attributes": [],
          "identity_schema_version": 0,
          "private": "eyJlMmJmYjczMC1lY2FhLTExZTYtOGY4OC0zNDM2M2JjN2M0YzAiOnsiY3JlYXRlIjo2MDAwMDAwMDAwMDAsImRlbGV0ZSI6NjAwMDAwMDAwMDAwfX0="
        },
        {
          "index_key": 1,
          "schema_version": 0,
          "attributes": {
            "address": "10.188.105.134",
            "all_tags": [],
            "description": "",
            "dns_domain": "",
            "dns_name": "",
            "fixed_ip": "10.0.1.14",
            "id": "fdcea421-f768-4a6a-8416-8672be6bd714",
            "pool": "red_externa_01",
            "port_id": "45bd8096-54db-4a7c-8f8a-a9e516fd3a2a",
            "region": "RegionOne",
            "subnet_id": null,
            "subnet_ids": null,
            "tags": [],
            "tenant_id": "8034bbcc66564591a00253c74477c7dc",
            "timeouts": null,
            "value_specs": null
          },
          "sensitive_attributes": [],
          "identity_schema_version": 0,
          "private": "eyJlMmJmYjczMC1lY2FhLTExZTYtOGY4OC0zNDM2M2JjN2M0YzAiOnsiY3JlYXRlIjo2MDAwMDAwMDAwMDAsImRlbGV0ZSI6NjAwMDAwMDAwMDAwfX0="
        }
      ]
    },
    {
      "mode": "managed",
      "type": "openstack_networking_network_v2",
      "name": "ctfd_network",
      "provider": "provider[\"registry.terraform.io/terraform-provider-openstack/openstack\"]",
      "instances": [
        {
          "schema_version": 0,
          "attributes": {
            "admin_state_up": true,
            "all_tags": [],
            "availability_zone_hints": [],
            "description": "",
            "dns_domain": "",
            "external": false,
            "id": "c7953fc1-47eb-48c4-bd83-6ef032d81990",
            "mtu": 1450,
            "name": "ctfd-network",
            "port_security_enabled": true,
            "qos_policy_id": "",
            "region": "RegionOne",
            "segments": [
              {
                "network_type": "vxlan",
                "physical_network": "",
                "segmentation_id": 417
              }
            ],
            "shared": false,
            "tags": [],
            "tenant_id": "8034bbcc66564591a00253c74477c7dc",
            "timeouts": null,
            "transparent_vlan": false,
            "value_specs": null
          },
          "sensitive_attributes": [],
          "identity_schema_version": 0,
          "private": "eyJlMmJmYjczMC1lY2FhLTExZTYtOGY4OC0zNDM2M2JjN2M0YzAiOnsiY3JlYXRlIjo2MDAwMDAwMDAwMDAsImRlbGV0ZSI6NjAwMDAwMDAwMDAwfX0="
        }
      ]
    },
    {
      "mode": "managed",
      "type": "openstack_networking_router_interface_v2",
      "name": "ctfd_router_interface",
      "provider": "provider[\"registry.terraform.io/terraform-provider-openstack/openstack\"]",
      "instances": [
        {
          "schema_version": 0,
          "attributes": {
            "force_destroy": false,
            "id": "08d66e06-9499-4b36-89f3-abd6b8d6890c",
            "port_id": "08d66e06-9499-4b36-89f3-abd6b8d6890c",
            "region": "RegionOne",
            "router_id": "3e4d2b7d-b8bd-47b5-95c3-f95bedcba1d4",
            "subnet_id": "5b66a9de-c8a4-43bd-9548-b01aec57909c",
            "timeouts": null
          },
          "sensitive_attributes": [],
          "identity_schema_version": 0,
          "private": "eyJlMmJmYjczMC1lY2FhLTExZTYtOGY4OC0zNDM2M2JjN2M0YzAiOnsiY3JlYXRlIjo2MDAwMDAwMDAwMDAsImRlbGV0ZSI6NjAwMDAwMDAwMDAwfX0=",
          "dependencies": [
            "data.openstack_networking_network_v2.external",
            "openstack_networking_network_v2.ctfd_network",
            "openstack_networking_router_v2.ctfd_router",
            "openstack_networking_subnet_v2.ctfd_subnet"
          ]
        }
      ]
    },
    {
      "mode": "managed",
      "type": "openstack_networking_router_v2",
      "name": "ctfd_router",
      "provider": "provider[\"registry.terraform.io/terraform-provider-openstack/openstack\"]",
      "instances": [
        {
          "schema_version": 0,
          "attributes": {
            "admin_state_up": true,
            "all_tags": [],
            "availability_zone_hints": [],
            "description": "",
            "distributed": false,
            "enable_snat": true,
            "external_fixed_ip": [
              {
                "ip_address": "10.188.105.183",
                "subnet_id": "b11c645a-834e-434b-bc91-763dde88975a"
              }
            ],
            "external_gateway": "5db4ee7a-bb08-411a-93b1-92ecc626bc53",
            "external_network_id": "5db4ee7a-bb08-411a-93b1-92ecc626bc53",
            "external_subnet_ids": null,
            "id": "3e4d2b7d-b8bd-47b5-95c3-f95bedcba1d4",
            "name": "ctfd-router",
            "region": "RegionOne",
            "tags": [],
            "tenant_id": "8034bbcc66564591a00253c74477c7dc",
            "timeouts": null,
            "value_specs": null,
            "vendor_options": []
          },
          "sensitive_attributes": [],
          "identity_schema_version": 0,
          "private": "eyJlMmJmYjczMC1lY2FhLTExZTYtOGY4OC0zNDM2M2JjN2M0YzAiOnsiY3JlYXRlIjo2MDAwMDAwMDAwMDAsImRlbGV0ZSI6NjAwMDAwMDAwMDAwfX0=",
          "dependencies": [
            "data.openstack_networking_network_v2.external"
          ]
        }
      ]
    },
    {
      "mode": "managed",
      "type": "openstack_networking_secgroup_rule_v2",
      "name": "https",
      "provider": "provider[\"registry.terraform.io/terraform-provider-openstack/openstack\"]",
      "instances": [
        {
          "schema_version": 0,
          "attributes": {
            "description": "",
            "direction": "ingress",
            "ethertype": "IPv4",
            "id": "ca46ea23-ac30-4112-98e1-30668f34af59",
            "port_range_max": 443,
            "port_range_min": 443,
            "protocol": "tcp",
            "region": "RegionOne",
            "remote_group_id": "",
            "remote_ip_prefix": "0.0.0.0/0",
            "security_group_id": "034564b6-2edf-448a-8d97-184636f97b0c",
            "tenant_id": "8034bbcc66564591a00253c74477c7dc",
            "timeouts": null
          },
          "sensitive_attributes": [],
          "identity_schema_version": 0,
          "private": "eyJlMmJmYjczMC1lY2FhLTExZTYtOGY4OC0zNDM2M2JjN2M0YzAiOnsiZGVsZXRlIjo2MDAwMDAwMDAwMDB9fQ==",
          "dependencies": [
            "openstack_networking_secgroup_v2.ctfd_secgroup"
          ]
        }
      ]
    },
    {
      "mode": "managed",
      "type": "openstack_networking_secgroup_rule_v2",
      "name": "icmp_ipv4_restricted",
      "provider": "provider[\"registry.terraform.io/terraform-provider-openstack/openstack\"]",
      "instances": [
        {
          "index_key": 0,
          "schema_version": 0,
          "attributes": {
            "description": "",
            "direction": "ingress",
            "ethertype": "IPv4",
            "id": "be04c85b-400d-41f0-b9b4-403e97a4e60f",
            "port_range_max": 0,
            "port_range_min": 0,
            "protocol": "icmp",
            "region": "RegionOne",
            "remote_group_id": "",
            "remote_ip_prefix": "192.168.24.74/32",
            "security_group_id": "034564b6-2edf-448a-8d97-184636f97b0c",
            "tenant_id": "8034bbcc66564591a00253c74477c7dc",
            "timeouts": null
          },
          "sensitive_attributes": [],
          "identity_schema_version": 0,
          "private": "eyJlMmJmYjczMC1lY2FhLTExZTYtOGY4OC0zNDM2M2JjN2M0YzAiOnsiZGVsZXRlIjo2MDAwMDAwMDAwMDB9fQ==",
          "dependencies": [
            "openstack_networking_secgroup_v2.ctfd_secgroup"
          ]
        },
        {
          "index_key": 1,
          "schema_version": 0,
          "attributes": {
            "description": "",
            "direction": "ingress",
            "ethertype": "IPv4",
            "id": "d0d79a6c-e5a5-41bc-b9be-5603fc57f54c",
            "port_range_max": 0,
            "port_range_min": 0,
            "protocol": "icmp",
            "region": "RegionOne",
            "remote_group_id": "",
            "remote_ip_prefix": "192.168.24.89/32",
            "security_group_id": "034564b6-2edf-448a-8d97-184636f97b0c",
            "tenant_id": "8034bbcc66564591a00253c74477c7dc",
            "timeouts": null
          },
          "sensitive_attributes": [],
          "identity_schema_version": 0,
          "private": "eyJlMmJmYjczMC1lY2FhLTExZTYtOGY4OC0zNDM2M2JjN2M0YzAiOnsiZGVsZXRlIjo2MDAwMDAwMDAwMDB9fQ==",
          "dependencies": [
            "openstack_networking_secgroup_v2.ctfd_secgroup"
          ]
        },
        {
          "index_key": 2,
          "schema_version": 0,
          "attributes": {
            "description": "",
            "direction": "ingress",
            "ethertype": "IPv4",
            "id": "b9e6b87e-891a-41d1-8cdc-f33ed7e0bfc1",
            "port_range_max": 0,
            "port_range_min": 0,
            "protocol": "icmp",
            "region": "RegionOne",
            "remote_group_id": "",
            "remote_ip_prefix": "192.168.24.68/32",
            "security_group_id": "034564b6-2edf-448a-8d97-184636f97b0c",
            "tenant_id": "8034bbcc66564591a00253c74477c7dc",
            "timeouts": null
          },
          "sensitive_attributes": [],
          "identity_schema_version": 0,
          "private": "eyJlMmJmYjczMC1lY2FhLTExZTYtOGY4OC0zNDM2M2JjN2M0YzAiOnsiZGVsZXRlIjo2MDAwMDAwMDAwMDB9fQ==",
          "dependencies": [
            "openstack_networking_secgroup_v2.ctfd_secgroup"
          ]
        },
        {
          "index_key": 3,
          "schema_version": 0,
          "attributes": {
            "description": "",
            "direction": "ingress",
            "ethertype": "IPv4",
            "id": "16754fb2-3c17-458a-be62-ee1f03db5956",
            "port_range_max": 0,
            "port_range_min": 0,
            "protocol": "icmp",
            "region": "RegionOne",
            "remote_group_id": "",
            "remote_ip_prefix": "192.168.24.29/32",
            "security_group_id": "034564b6-2edf-448a-8d97-184636f97b0c",
            "tenant_id": "8034bbcc66564591a00253c74477c7dc",
            "timeouts": null
          },
          "sensitive_attributes": [],
          "identity_schema_version": 0,
          "private": "eyJlMmJmYjczMC1lY2FhLTExZTYtOGY4OC0zNDM2M2JjN2M0YzAiOnsiZGVsZXRlIjo2MDAwMDAwMDAwMDB9fQ==",
          "dependencies": [
            "openstack_networking_secgroup_v2.ctfd_secgroup"
          ]
        }
      ]
    },
    {
      "mode": "managed",
      "type": "openstack_networking_secgroup_rule_v2",
      "name": "ingress_self_ipv4",
      "provider": "provider[\"registry.terraform.io/terraform-provider-openstack/openstack\"]",
      "instances": [
        {
          "schema_version": 0,
          "attributes": {
            "description": "",
            "direction": "ingress",
            "ethertype": "IPv4",
            "id": "8a275f5b-79ad-4f28-8fca-c72c14e48c15",
            "port_range_max": 0,
            "port_range_min": 0,
            "protocol": "",
            "region": "RegionOne",
            "remote_group_id": "034564b6-2edf-448a-8d97-184636f97b0c",
            "remote_ip_prefix": "",
            "security_group_id": "034564b6-2edf-448a-8d97-184636f97b0c",
            "tenant_id": "8034bbcc66564591a00253c74477c7dc",
            "timeouts": null
          },
          "sensitive_attributes": [],
          "identity_schema_version": 0,
          "private": "eyJlMmJmYjczMC1lY2FhLTExZTYtOGY4OC0zNDM2M2JjN2M0YzAiOnsiZGVsZXRlIjo2MDAwMDAwMDAwMDB9fQ==",
          "dependencies": [
            "openstack_networking_secgroup_v2.ctfd_secgroup"
          ]
        }
      ]
    },
    {
      "mode": "managed",
      "type": "openstack_networking_secgroup_rule_v2",
      "name": "ingress_self_ipv6",
      "provider": "provider[\"registry.terraform.io/terraform-provider-openstack/openstack\"]",
      "instances": [
        {
          "schema_version": 0,
          "attributes": {
            "description": "",
            "direction": "ingress",
            "ethertype": "IPv6",
            "id": "8714785f-6252-4391-950d-8d724322b999",
            "port_range_max": 0,
            "port_range_min": 0,
            "protocol": "",
            "region": "RegionOne",
            "remote_group_id": "034564b6-2edf-448a-8d97-184636f97b0c",
            "remote_ip_prefix": "",
            "security_group_id": "034564b6-2edf-448a-8d97-184636f97b0c",
            "tenant_id": "8034bbcc66564591a00253c74477c7dc",
            "timeouts": null
          },
          "sensitive_attributes": [],
          "identity_schema_version": 0,
          "private": "eyJlMmJmYjczMC1lY2FhLTExZTYtOGY4OC0zNDM2M2JjN2M0YzAiOnsiZGVsZXRlIjo2MDAwMDAwMDAwMDB9fQ==",
          "dependencies": [
            "openstack_networking_secgroup_v2.ctfd_secgroup"
          ]
        }
      ]
    },
    {
      "mode": "managed",
      "type": "openstack_networking_secgroup_rule_v2",
      "name": "tcp_ipv4_any_from_allowed",
      "provider": "provider[\"registry.terraform.io/terraform-provider-openstack/openstack\"]",
      "instances": [
        {
          "index_key": 0,
          "schema_version": 0,
          "attributes": {
            "description": "",
            "direction": "ingress",
            "ethertype": "IPv4",
            "id": "9698a754-fc3d-40d4-971f-3bd67e539ca5",
            "port_range_max": 0,
            "port_range_min": 0,
            "protocol": "tcp",
            "region": "RegionOne",
            "remote_group_id": "",
            "remote_ip_prefix": "192.168.24.74/32",
            "security_group_id": "034564b6-2edf-448a-8d97-184636f97b0c",
            "tenant_id": "8034bbcc66564591a00253c74477c7dc",
            "timeouts": null
          },
          "sensitive_attributes": [],
          "identity_schema_version": 0,
          "private": "eyJlMmJmYjczMC1lY2FhLTExZTYtOGY4OC0zNDM2M2JjN2M0YzAiOnsiZGVsZXRlIjo2MDAwMDAwMDAwMDB9fQ==",
          "dependencies": [
            "openstack_networking_secgroup_v2.ctfd_secgroup"
          ]
        },
        {
          "index_key": 1,
          "schema_version": 0,
          "attributes": {
            "description": "",
            "direction": "ingress",
            "ethertype": "IPv4",
            "id": "4fa2ca74-988a-402b-b8ae-343de569e93b",
            "port_range_max": 0,
            "port_range_min": 0,
            "protocol": "tcp",
            "region": "RegionOne",
            "remote_group_id": "",
            "remote_ip_prefix": "192.168.24.89/32",
            "security_group_id": "034564b6-2edf-448a-8d97-184636f97b0c",
            "tenant_id": "8034bbcc66564591a00253c74477c7dc",
            "timeouts": null
          },
          "sensitive_attributes": [],
          "identity_schema_version": 0,
          "private": "eyJlMmJmYjczMC1lY2FhLTExZTYtOGY4OC0zNDM2M2JjN2M0YzAiOnsiZGVsZXRlIjo2MDAwMDAwMDAwMDB9fQ==",
          "dependencies": [
            "openstack_networking_secgroup_v2.ctfd_secgroup"
          ]
        },
        {
          "index_key": 2,
          "schema_version": 0,
          "attributes": {
            "description": "",
            "direction": "ingress",
            "ethertype": "IPv4",
            "id": "0dbd0142-2fd7-4206-9e07-8770728261a3",
            "port_range_max": 0,
            "port_range_min": 0,
            "protocol": "tcp",
            "region": "RegionOne",
            "remote_group_id": "",
            "remote_ip_prefix": "192.168.24.68/32",
            "security_group_id": "034564b6-2edf-448a-8d97-184636f97b0c",
            "tenant_id": "8034bbcc66564591a00253c74477c7dc",
            "timeouts": null
          },
          "sensitive_attributes": [],
          "identity_schema_version": 0,
          "private": "eyJlMmJmYjczMC1lY2FhLTExZTYtOGY4OC0zNDM2M2JjN2M0YzAiOnsiZGVsZXRlIjo2MDAwMDAwMDAwMDB9fQ==",
          "dependencies": [
            "openstack_networking_secgroup_v2.ctfd_secgroup"
          ]
        },
        {
          "index_key": 3,
          "schema_version": 0,
          "attributes": {
            "description": "",
            "direction": "ingress",
            "ethertype": "IPv4",
            "id": "5975e34e-b91c-47cb-8015-76f9ad3d5c5f",
            "port_range_max": 0,
            "port_range_min": 0,
            "protocol": "tcp",
            "region": "RegionOne",
            "remote_group_id": "",
            "remote_ip_prefix": "192.168.24.29/32",
            "security_group_id": "034564b6-2edf-448a-8d97-184636f97b0c",
            "tenant_id": "8034bbcc66564591a00253c74477c7dc",
            "timeouts": null
          },
          "sensitive_attributes": [],
          "identity_schema_version": 0,
          "private": "eyJlMmJmYjczMC1lY2FhLTExZTYtOGY4OC0zNDM2M2JjN2M0YzAiOnsiZGVsZXRlIjo2MDAwMDAwMDAwMDB9fQ==",
          "dependencies": [
            "openstack_networking_secgroup_v2.ctfd_secgroup"
          ]
        }
      ]
    },
    {
      "mode": "managed",
      "type": "openstack_networking_secgroup_rule_v2",
      "name": "udp_ipv4_any_from_allowed",
      "provider": "provider[\"registry.terraform.io/terraform-provider-openstack/openstack\"]",
      "instances": [
        {
          "index_key": 0,
          "schema_version": 0,
          "attributes": {
            "description": "",
            "direction": "ingress",
            "ethertype": "IPv4",
            "id": "98ccafab-543b-4472-ac74-c964e98174da",
            "port_range_max": 0,
            "port_range_min": 0,
            "protocol": "udp",
            "region": "RegionOne",
            "remote_group_id": "",
            "remote_ip_prefix": "192.168.24.74/32",
            "security_group_id": "034564b6-2edf-448a-8d97-184636f97b0c",
            "tenant_id": "8034bbcc66564591a00253c74477c7dc",
            "timeouts": null
          },
          "sensitive_attributes": [],
          "identity_schema_version": 0,
          "private": "eyJlMmJmYjczMC1lY2FhLTExZTYtOGY4OC0zNDM2M2JjN2M0YzAiOnsiZGVsZXRlIjo2MDAwMDAwMDAwMDB9fQ==",
          "dependencies": [
            "openstack_networking_secgroup_v2.ctfd_secgroup"
          ]
        },
        {
          "index_key": 1,
          "schema_version": 0,
          "attributes": {
            "description": "",
            "direction": "ingress",
            "ethertype": "IPv4",
            "id": "5e22ddd8-61a3-4b2d-a1ea-7a3202fb634c",
            "port_range_max": 0,
            "port_range_min": 0,
            "protocol": "udp",
            "region": "RegionOne",
            "remote_group_id": "",
            "remote_ip_prefix": "192.168.24.89/32",
            "security_group_id": "034564b6-2edf-448a-8d97-184636f97b0c",
            "tenant_id": "8034bbcc66564591a00253c74477c7dc",
            "timeouts": null
          },
          "sensitive_attributes": [],
          "identity_schema_version": 0,
          "private": "eyJlMmJmYjczMC1lY2FhLTExZTYtOGY4OC0zNDM2M2JjN2M0YzAiOnsiZGVsZXRlIjo2MDAwMDAwMDAwMDB9fQ==",
          "dependencies": [
            "openstack_networking_secgroup_v2.ctfd_secgroup"
          ]
        },
        {
          "index_key": 2,
          "schema_version": 0,
          "attributes": {
            "description": "",
            "direction": "ingress",
            "ethertype": "IPv4",
            "id": "4d6cb8b9-ef9c-4cc1-a8b4-dfdfd1a3d817",
            "port_range_max": 0,
            "port_range_min": 0,
            "protocol": "udp",
            "region": "RegionOne",
            "remote_group_id": "",
            "remote_ip_prefix": "192.168.24.68/32",
            "security_group_id": "034564b6-2edf-448a-8d97-184636f97b0c",
            "tenant_id": "8034bbcc66564591a00253c74477c7dc",
            "timeouts": null
          },
          "sensitive_attributes": [],
          "identity_schema_version": 0,
          "private": "eyJlMmJmYjczMC1lY2FhLTExZTYtOGY4OC0zNDM2M2JjN2M0YzAiOnsiZGVsZXRlIjo2MDAwMDAwMDAwMDB9fQ==",
          "dependencies": [
            "openstack_networking_secgroup_v2.ctfd_secgroup"
          ]
        },
        {
          "index_key": 3,
          "schema_version": 0,
          "attributes": {
            "description": "",
            "direction": "ingress",
            "ethertype": "IPv4",
            "id": "c5d0fcbc-feed-449c-a328-0ba7f3726208",
            "port_range_max": 0,
            "port_range_min": 0,
            "protocol": "udp",
            "region": "RegionOne",
            "remote_group_id": "",
            "remote_ip_prefix": "192.168.24.29/32",
            "security_group_id": "034564b6-2edf-448a-8d97-184636f97b0c",
            "tenant_id": "8034bbcc66564591a00253c74477c7dc",
            "timeouts": null
          },
          "sensitive_attributes": [],
          "identity_schema_version": 0,
          "private": "eyJlMmJmYjczMC1lY2FhLTExZTYtOGY4OC0zNDM2M2JjN2M0YzAiOnsiZGVsZXRlIjo2MDAwMDAwMDAwMDB9fQ==",
          "dependencies": [
            "openstack_networking_secgroup_v2.ctfd_secgroup"
          ]
        }
      ]
    },
    {
      "mode": "managed",
      "type": "openstack_networking_secgroup_rule_v2",
      "name": "wireguard_any",
      "provider": "provider[\"registry.terraform.io/terraform-provider-openstack/openstack\"]",
      "instances": [
        {
          "schema_version": 0,
          "attributes": {
            "description": "",
            "direction": "ingress",
            "ethertype": "IPv4",
            "id": "fd82771e-a749-44d1-be57-3fe7e106f85b",
            "port_range_max": 51820,
            "port_range_min": 51820,
            "protocol": "udp",
            "region": "RegionOne",
            "remote_group_id": "",
            "remote_ip_prefix": "0.0.0.0/0",
            "security_group_id": "034564b6-2edf-448a-8d97-184636f97b0c",
            "tenant_id": "8034bbcc66564591a00253c74477c7dc",
            "timeouts": null
          },
          "sensitive_attributes": [],
          "identity_schema_version": 0,
          "private": "eyJlMmJmYjczMC1lY2FhLTExZTYtOGY4OC0zNDM2M2JjN2M0YzAiOnsiZGVsZXRlIjo2MDAwMDAwMDAwMDB9fQ==",
          "dependencies": [
            "openstack_networking_secgroup_v2.ctfd_secgroup"
          ]
        }
      ]
    },
    {
      "mode": "managed",
      "type": "openstack_networking_secgroup_v2",
      "name": "ctfd_secgroup",
      "provider": "provider[\"registry.terraform.io/terraform-provider-openstack/openstack\"]",
      "instances": [
        {
          "schema_version": 0,
          "attributes": {
            "all_tags": [],
            "delete_default_rules": null,
            "description": "Security group for CTFD infrastructure",
            "id": "034564b6-2edf-448a-8d97-184636f97b0c",
            "name": "ctfd-secgroup",
            "region": "RegionOne",
            "tags": [],
            "tenant_id": "8034bbcc66564591a00253c74477c7dc",
            "timeouts": null
          },
          "sensitive_attributes": [],
          "identity_schema_version": 0,
          "private": "eyJlMmJmYjczMC1lY2FhLTExZTYtOGY4OC0zNDM2M2JjN2M0YzAiOnsiZGVsZXRlIjo2MDAwMDAwMDAwMDB9fQ=="
        }
      ]
    },
    {
      "mode": "managed",
      "type": "openstack_networking_subnet_v2",
      "name": "ctfd_subnet",
      "provider": "provider[\"registry.terraform.io/terraform-provider-openstack/openstack\"]",
      "instances": [
        {
          "schema_version": 0,
          "attributes": {
            "all_tags": [],
            "allocation_pool": [
              {
                "end": "10.0.1.254",
                "start": "10.0.1.2"
              }
            ],
            "allocation_pools": [
              {
                "end": "10.0.1.254",
                "start": "10.0.1.2"
              }
            ],
            "cidr": "10.0.1.0/24",
            "description": "",
            "dns_nameservers": [
              "8.8.8.8",
              "8.8.4.4"
            ],
            "enable_dhcp": true,
            "gateway_ip": "10.0.1.1",
            "host_routes": [],
            "id": "5b66a9de-c8a4-43bd-9548-b01aec57909c",
            "ip_version": 4,
            "ipv6_address_mode": "",
            "ipv6_ra_mode": "",
            "name": "ctfd-subnet",
            "network_id": "c7953fc1-47eb-48c4-bd83-6ef032d81990",
            "no_gateway": false,
            "prefix_length": null,
            "region": "RegionOne",
            "service_types": [],
            "subnetpool_id": "",
            "tags": [],
            "tenant_id": "8034bbcc66564591a00253c74477c7dc",
            "timeouts": null,
            "value_specs": null
          },
          "sensitive_attributes": [],
          "identity_schema_version": 0,
          "private": "eyJlMmJmYjczMC1lY2FhLTExZTYtOGY4OC0zNDM2M2JjN2M0YzAiOnsiY3JlYXRlIjo2MDAwMDAwMDAwMDAsImRlbGV0ZSI6NjAwMDAwMDAwMDAwfX0=",
          "dependencies": [
            "openstack_networking_network_v2.ctfd_network"
          ]
        }
      ]
    }
  ],
  "check_results": null
}
